Microsoft Visual Studio Solution File, Format Version 12.00
# Visual Studio Version 17
VisualStudioVersion = 17.5.2.0
MinimumVisualStudioVersion = 10.0.40219.1
Project("{FAE04EC0-301F-11D3-BF4B-00C04F79EFBC}") = "excepyions101", "excepyions101.csproj", "{236AC96F-C31F-ACC3-704F-E986F2C4279A}"
EndProject
Global
	GlobalSection(SolutionConfigurationPlatforms) = preSolution
		Debug|Any CPU = Debug|Any CPU
		Release|Any CPU = Release|Any CPU
	EndGlobalSection
	GlobalSection(ProjectConfigurationPlatforms) = postSolution
		{236AC96F-C31F-ACC3-704F-E986F2C4279A}.Debug|Any CPU.ActiveCfg = Debug|Any CPU
		{236AC96F-C31F-ACC3-704F-E986F2C4279A}.Debug|Any CPU.Build.0 = Debug|Any CPU
		{236AC96F-C31F-ACC3-704F-E986F2C4279A}.Release|Any CPU.ActiveCfg = Release|Any CPU
		{236AC96F-C31F-ACC3-704F-E986F2C4279A}.Release|Any CPU.Build.0 = Release|Any CPU
	EndGlobalSection
	GlobalSection(SolutionProperties) = preSolution
		HideSolutionNode = FALSE
	EndGlobalSection
	GlobalSection(ExtensibilityGlobals) = postSolution
		SolutionGuid = {F963E455-0FAD-4474-B078-F9D97BAFCBFA}
	EndGlobalSection
EndGlobal
